
Microsoft Visual Studio Solution File, Format Version 12.00
# Visual Studio Version 17
VisualStudioVersion = 17.0.31912.275
MinimumVisualStudioVersion = 10.0.40219.1
Project("{9A19103F-16F7-4668-BE54-9A1E7A4F7556}") = "Dealership.Console", "DealerShip.Console\Dealership.Console.csproj", "{4B4687DB-C4AC-4BB4-89BB-DFFCBE8F448A}"
EndProject
Project("{9A19103F-16F7-4668-BE54-9A1E7A4F7556}") = "DealershipLibrary", "DealershipLibrary\DealershipLibrary.csproj", "{ACF02E30-FFB3-4554-9C4B-260A5BD08BB7}"
EndProject
Project("{9A19103F-16F7-4668-BE54-9A1E7A4F7556}") = "BlazorApp", "BlazorApp\BlazorApp.csproj", "{BA13B2E4-F967-4AC1-BFDB-4727A0FE1317}"
EndProject
Project("{9A19103F-16F7-4668-BE54-9A1E7A4F7556}") = "Dealership.Data", "Dealerhsip.Data\Dealership.Data.csproj", "{1D684AE2-BDE3-4053-933A-4AE47855290B}"
EndProject
Project("{9A19103F-16F7-4668-BE54-9A1E7A4F7556}") = "Dealership.BlazorApp", "Dealership.BlazorApp\Dealership.BlazorApp.csproj", "{A297D44B-D713-4231-B8F1-5A55713910CE}"
EndProject
Global
	GlobalSection(SolutionConfigurationPlatforms) = preSolution
		Debug|Any CPU = Debug|Any CPU
		Release|Any CPU = Release|Any CPU
	EndGlobalSection
	GlobalSection(ProjectConfigurationPlatforms) = postSolution
		{4B4687DB-C4AC-4BB4-89BB-DFFCBE8F448A}.Debug|Any CPU.ActiveCfg = Debug|Any CPU
		{4B4687DB-C4AC-4BB4-89BB-DFFCBE8F448A}.Debug|Any CPU.Build.0 = Debug|Any CPU
		{4B4687DB-C4AC-4BB4-89BB-DFFCBE8F448A}.Release|Any CPU.ActiveCfg = Release|Any CPU
		{4B4687DB-C4AC-4BB4-89BB-DFFCBE8F448A}.Release|Any CPU.Build.0 = Release|Any CPU
		{ACF02E30-FFB3-4554-9C4B-260A5BD08BB7}.Debug|Any CPU.ActiveCfg = Debug|Any CPU
		{ACF02E30-FFB3-4554-9C4B-260A5BD08BB7}.Debug|Any CPU.Build.0 = Debug|Any CPU
		{ACF02E30-FFB3-4554-9C4B-260A5BD08BB7}.Release|Any CPU.ActiveCfg = Release|Any CPU
		{ACF02E30-FFB3-4554-9C4B-260A5BD08BB7}.Release|Any CPU.Build.0 = Release|Any CPU
		{BA13B2E4-F967-4AC1-BFDB-4727A0FE1317}.Debug|Any CPU.ActiveCfg = Debug|Any CPU
		{BA13B2E4-F967-4AC1-BFDB-4727A0FE1317}.Debug|Any CPU.Build.0 = Debug|Any CPU
		{BA13B2E4-F967-4AC1-BFDB-4727A0FE1317}.Release|Any CPU.ActiveCfg = Release|Any CPU
		{BA13B2E4-F967-4AC1-BFDB-4727A0FE1317}.Release|Any CPU.Build.0 = Release|Any CPU
		{1D684AE2-BDE3-4053-933A-4AE47855290B}.Debug|Any CPU.ActiveCfg = Debug|Any CPU
		{1D684AE2-BDE3-4053-933A-4AE47855290B}.Debug|Any CPU.Build.0 = Debug|Any CPU
		{1D684AE2-BDE3-4053-933A-4AE47855290B}.Release|Any CPU.ActiveCfg = Release|Any CPU
		{1D684AE2-BDE3-4053-933A-4AE47855290B}.Release|Any CPU.Build.0 = Release|Any CPU
		{A297D44B-D713-4231-B8F1-5A55713910CE}.Debug|Any CPU.ActiveCfg = Debug|Any CPU
		{A297D44B-D713-4231-B8F1-5A55713910CE}.Debug|Any CPU.Build.0 = Debug|Any CPU
		{A297D44B-D713-4231-B8F1-5A55713910CE}.Release|Any CPU.ActiveCfg = Release|Any CPU
		{A297D44B-D713-4231-B8F1-5A55713910CE}.Release|Any CPU.Build.0 = Release|Any CPU
	EndGlobalSection
	GlobalSection(SolutionProperties) = preSolution
		HideSolutionNode = FALSE
	EndGlobalSection
	GlobalSection(ExtensibilityGlobals) = postSolution
		SolutionGuid = {E3BE39B7-3875-4581-A4AD-2A765FEB42D9}
	EndGlobalSection
EndGlobal
